// !$*UTF8*$!
{
	archiveVersion = 1;
	classes = {
	};
	objectVersion = 56;
	objects = {

/* Begin PBXBuildFile section */
		A825F0ED2BCD5F00004931F9 /* EmojiMemoryGame.swift in Sources */ = {isa = PBXBuildFile; fileRef = A825F0EC2BCD5F00004931F9 /* EmojiMemoryGame.swift */; };
		A85D8FAA2BAE0B7F007D0DFB /* MemoryGame.swift in Sources */ = {isa = PBXBuildFile; fileRef = A85D8FA92BAE0B7F007D0DFB /* MemoryGame.swift */; };
		A86101792BAE04D60025FED7 /* MemoryGameApp.swift in Sources */ = {isa = PBXBuildFile; fileRef = A86101782BAE04D60025FED7 /* MemoryGameApp.swift */; };
		A861017B2BAE04D60025FED7 /* EmojiMemoryGameView.swift in Sources */ = {isa = PBXBuildFile; fileRef = A861017A2BAE04D60025FED7 /* EmojiMemoryGameView.swift */; };
		A861017D2BAE04DA0025FED7 /* Assets.xcassets in Resources */ = {isa = PBXBuildFile; fileRef = A861017C2BAE04DA0025FED7 /* Assets.xcassets */; };
		A86101802BAE04DA0025FED7 /* Preview Assets.xcassets in Resources */ = {isa = PBXBuildFile; fileRef = A861017F2BAE04DA0025FED7 /* Preview Assets.xcassets */; };
		A861018A2BAE04DA0025FED7 /* MemoryAppTests.swift in Sources */ = {isa = PBXBuildFile; fileRef = A86101892BAE04DA0025FED7 /* MemoryAppTests.swift */; };
		A86101942BAE04DA0025FED7 /* MemoryAppUITests.swift in Sources */ = {isa = PBXBuildFile; fileRef = A86101932BAE04DA0025FED7 /* MemoryAppUITests.swift */; };
		A86101962BAE04DA0025FED7 /* MemoryAppUITestsLaunchTests.swift in Sources */ = {isa = PBXBuildFile; fileRef = A86101952BAE04DA0025FED7 /* MemoryAppUITestsLaunchTests.swift */; };
/* End PBXBuildFile section */

/* Begin PBXContainerItemProxy section */
		A86101862BAE04DA0025FED7 /* PBXContainerItemProxy */ = {
			isa = PBXContainerItemProxy;
			containerPortal = A861016D2BAE04D60025FED7 /* Project object */;
			proxyType = 1;
			remoteGlobalIDString = A86101742BAE04D60025FED7;
			remoteInfo = MemoryApp;
		};
		A86101902BAE04DA0025FED7 /* PBXContainerItemProxy */ = {
			isa = PBXContainerItemProxy;
			containerPortal = A861016D2BAE04D60025FED7 /* Project object */;
			proxyType = 1;
			remoteGlobalIDString = A86101742BAE04D60025FED7;
			remoteInfo = MemoryApp;
		};
/* End PBXContainerItemProxy section */

/* Begin PBXFileReference section */
		A825F0EC2BCD5F00004931F9 /* EmojiMemoryGame.swift */ = {isa = PBXFileReference; lastKnownFileType = sourcecode.swift; path = EmojiMemoryGame.swift; sourceTree = "<group>"; };
		A85D8FA92BAE0B7F007D0DFB /* MemoryGame.swift */ = {isa = PBXFileReference; fileEncoding = 4; lastKnownFileType = sourcecode.swift; path = MemoryGame.swift; sourceTree = "<group>"; };
		A86101752BAE04D60025FED7 /* MemoryApp.app */ = {isa = PBXFileReference; explicitFileType = wrapper.application; includeInIndex = 0; path = MemoryApp.app; sourceTree = BUILT_PRODUCTS_DIR; };
		A86101782BAE04D60025FED7 /* MemoryGameApp.swift */ = {isa = PBXFileReference; lastKnownFileType = sourcecode.swift; path = MemoryGameApp.swift; sourceTree = "<group>"; };
		A861017A2BAE04D60025FED7 /* EmojiMemoryGameView.swift */ = {isa = PBXFileReference; lastKnownFileType = sourcecode.swift; path = EmojiMemoryGameView.swift; sourceTree = "<group>"; };
		A861017C2BAE04DA0025FED7 /* Assets.xcassets */ = {isa = PBXFileReference; lastKnownFileType = folder.assetcatalog; path = Assets.xcassets; sourceTree = "<group>"; };
		A861017F2BAE04DA0025FED7 /* Preview Assets.xcassets */ = {isa = PBXFileReference; lastKnownFileType = folder.assetcatalog; path = "Preview Assets.xcassets"; sourceTree = "<group>"; };
		A86101852BAE04DA0025FED7 /* MemoryAppTests.xctest */ = {isa = PBXFileReference; explicitFileType = wrapper.cfbundle; includeInIndex = 0; path = MemoryAppTests.xctest; sourceTree = BUILT_PRODUCTS_DIR; };
		A86101892BAE04DA0025FED7 /* MemoryAppTests.swift */ = {isa = PBXFileReference; lastKnownFileType = sourcecode.swift; path = MemoryAppTests.swift; sourceTree = "<group>"; };
		A861018F2BAE04DA0025FED7 /* MemoryAppUITests.xctest */ = {isa = PBXFileReference; explicitFileType = wrapper.cfbundle; includeInIndex = 0; path = MemoryAppUITests.xctest; sourceTree = BUILT_PRODUCTS_DIR; };
		A86101932BAE04DA0025FED7 /* MemoryAppUITests.swift */ = {isa = PBXFileReference; lastKnownFileType = sourcecode.swift; path = MemoryAppUITests.swift; sourceTree = "<group>"; };
		A86101952BAE04DA0025FED7 /* MemoryAppUITestsLaunchTests.swift */ = {isa = PBXFileReference; lastKnownFileType = sourcecode.swift; path = MemoryAppUITestsLaunchTests.swift; sourceTree = "<group>"; };
/* End PBXFileReference section */

/* Begin PBXFrameworksBuildPhase section */
		A86101722BAE04D60025FED7 /* Frameworks */ = {
			isa = PBXFrameworksBuildPhase;
			buildActionMask = 2147483647;
			files = (
			);
			runOnlyForDeploymentPostprocessing = 0;
		};
		A86101822BAE04DA0025FED7 /* Frameworks */ = {
			isa = PBXFrameworksBuildPhase;
			buildActionMask = 2147483647;
			files = (
			);
			runOnlyForDeploymentPostprocessing = 0;
		};
		A861018C2BAE04DA0025FED7 /* Frameworks */ = {
			isa = PBXFrameworksBuildPhase;
			buildActionMask = 2147483647;
			files = (
			);
			runOnlyForDeploymentPostprocessing = 0;
		};
/* End PBXFrameworksBuildPhase section */

/* Begin PBXGroup section */
		A861016C2BAE04D60025FED7 = {
			isa = PBXGroup;
			children = (
				A86101772BAE04D60025FED7 /* MemoryApp */,
				A86101882BAE04DA0025FED7 /* MemoryAppTests */,
				A86101922BAE04DA0025FED7 /* MemoryAppUITests */,
				A86101762BAE04D60025FED7 /* Products */,
			);
			sourceTree = "<group>";
		};
		A86101762BAE04D60025FED7 /* Products */ = {
			isa = PBXGroup;
			children = (
				A86101752BAE04D60025FED7 /* MemoryApp.app */,
				A86101852BAE04DA0025FED7 /* MemoryAppTests.xctest */,
				A861018F2BAE04DA0025FED7 /* MemoryAppUITests.xctest */,
			);
			name = Products;
			sourceTree = "<group>";
		};
		A86101772BAE04D60025FED7 /* MemoryApp */ = {
			isa = PBXGroup;
			children = (
				A85D8FA92BAE0B7F007D0DFB /* MemoryGame.swift */,
				A86101782BAE04D60025FED7 /* MemoryGameApp.swift */,
				A861017A2BAE04D60025FED7 /* EmojiMemoryGameView.swift */,
				A861017C2BAE04DA0025FED7 /* Assets.xcassets */,
				A861017E2BAE04DA0025FED7 /* Preview Content */,
				A825F0EC2BCD5F00004931F9 /* EmojiMemoryGame.swift */,
			);
			path = MemoryApp;
			sourceTree = "<group>";
		};
		A861017E2BAE04DA0025FED7 /* Preview Content */ = {
			isa = PBXGroup;
			children = (
				A861017F2BAE04DA0025FED7 /* Preview Assets.xcassets */,
			);
			path = "Preview Content";
			sourceTree = "<group>";
		};
		A86101882BAE04DA0025FED7 /* MemoryAppTests */ = {
			isa = PBXGroup;
			children = (
				A86101892BAE04DA0025FED7 /* MemoryAppTests.swift */,
			);
			path = MemoryAppTests;
			sourceTree = "<group>";
		};
		A86101922BAE04DA0025FED7 /* MemoryAppUITests */ = {
			isa = PBXGroup;
			children = (
				A86101932BAE04DA0025FED7 /* MemoryAppUITests.swift */,
				A86101952BAE04DA0025FED7 /* MemoryAppUITestsLaunchTests.swift */,
			);
			path = MemoryAppUITests;
			sourceTree = "<group>";
		};
/* End PBXGroup section */

/* Begin PBXNativeTarget section */
		A86101742BAE04D60025FED7 /* MemoryApp */ = {
			isa = PBXNativeTarget;
			buildConfigurationList = A86101992BAE04DA0025FED7 /* Build configuration list for PBXNativeTarget "MemoryApp" */;
			buildPhases = (
				A86101712BAE04D60025FED7 /* Sources */,
				A86101722BAE04D60025FED7 /* Frameworks */,
				A86101732BAE04D60025FED7 /* Resources */,
			);
			buildRules = (
			);
			dependencies = (
			);
			name = MemoryApp;
			productName = MemoryApp;
			productReference = A86101752BAE04D60025FED7 /* MemoryApp.app */;
			productType = "com.apple.product-type.application";
		};
		A86101842BAE04DA0025FED7 /* MemoryAppTests */ = {
			isa = PBXNativeTarget;
			buildConfigurationList = A861019C2BAE04DA0025FED7 /* Build configuration list for PBXNativeTarget "MemoryAppTests" */;
			buildPhases = (
				A86101812BAE04DA0025FED7 /* Sources */,
				A86101822BAE04DA0025FED7 /* Frameworks */,
				A86101832BAE04DA0025FED7 /* Resources */,
			);
			buildRules = (
			);
			dependencies = (
				A86101872BAE04DA0025FED7 /* PBXTargetDependency */,
			);
			name = MemoryAppTests;
			productName = MemoryAppTests;
			productReference = A86101852BAE04DA0025FED7 /* MemoryAppTests.xctest */;
			productType = "com.apple.product-type.bundle.unit-test";
		};
		A861018E2BAE04DA0025FED7 /* MemoryAppUITests */ = {
			isa = PBXNativeTarget;
			buildConfigurationList = A861019F2BAE04DA0025FED7 /* Build configuration list for PBXNativeTarget "MemoryAppUITests" */;
			buildPhases = (
				A861018B2BAE04DA0025FED7 /* Sources */,
				A861018C2BAE04DA0025FED7 /* Frameworks */,
				A861018D2BAE04DA0025FED7 /* Resources */,
			);
			buildRules = (
			);
			dependencies = (
				A86101912BAE04DA0025FED7 /* PBXTargetDependency */,
			);
			name = MemoryAppUITests;
			productName = MemoryAppUITests;
			productReference = A861018F2BAE04DA0025FED7 /* MemoryAppUITests.xctest */;
			productType = "com.apple.product-type.bundle.ui-testing";
		};
/* End PBXNativeTarget section */

/* Begin PBXProject section */
		A861016D2BAE04D60025FED7 /* Project object */ = {
			isa = PBXProject;
			attributes = {
				BuildIndependentTargetsInParallel = 1;
				LastSwiftUpdateCheck = 1430;
				LastUpgradeCheck = 1430;
				TargetAttributes = {
					A86101742BAE04D60025FED7 = {
						CreatedOnToolsVersion = 14.3.1;
					};
					A86101842BAE04DA0025FED7 = {
						CreatedOnToolsVersion = 14.3.1;
						TestTargetID = A86101742BAE04D60025FED7;
					};
					A861018E2BAE04DA0025FED7 = {
						CreatedOnToolsVersion = 14.3.1;
						TestTargetID = A86101742BAE04D60025FED7;
					};
				};
			};
			buildConfigurationList = A86101702BAE04D60025FED7 /* Build configuration list for PBXProject "MemoryApp" */;
			compatibilityVersion = "Xcode 14.0";
			developmentRegion = en;
			hasScannedForEncodings = 0;
			knownRegions = (
				en,
				Base,
			);
			mainGroup = A861016C2BAE04D60025FED7;
			productRefGroup = A86101762BAE04D60025FED7 /* Products */;
			projectDirPath = "";
			projectRoot = "";
			targets = (
				A86101742BAE04D60025FED7 /* MemoryApp */,
				A86101842BAE04DA0025FED7 /* MemoryAppTests */,
				A861018E2BAE04DA0025FED7 /* MemoryAppUITests */,
			);
		};
/* End PBXProject section */

/* Begin PBXResourcesBuildPhase section */
		A86101732BAE04D60025FED7 /* Resources */ = {
			isa = PBXResourcesBuildPhase;
			buildActionMask = 2147483647;
			files = (
				A86101802BAE04DA0025FED7 /* Preview Assets.xcassets in Resources */,
				A861017D2BAE04DA0025FED7 /* Assets.xcassets in Resources */,
			);
			runOnlyForDeploymentPostprocessing = 0;
		};
		A86101832BAE04DA0025FED7 /* Resources */ = {
			isa = PBXResourcesBuildPhase;
			buildActionMask = 2147483647;
			files = (
			);
			runOnlyForDeploymentPostprocessing = 0;
		};
		A861018D2BAE04DA0025FED7 /* Resources */ = {
			isa = PBXResourcesBuildPhase;
			buildActionMask = 2147483647;
			files = (
			);
			runOnlyForDeploymentPostprocessing = 0;
		};
/* End PBXResourcesBuildPhase section */

/* Begin PBXSourcesBuildPhase section */
		A86101712BAE04D60025FED7 /* Sources */ = {
			isa = PBXSourcesBuildPhase;
			buildActionMask = 2147483647;
			files = (
				A85D8FAA2BAE0B7F007D0DFB /* MemoryGame.swift in Sources */,
				A861017B2BAE04D60025FED7 /* EmojiMemoryGameView.swift in Sources */,
				A86101792BAE04D60025FED7 /* MemoryGameApp.swift in Sources */,
				A825F0ED2BCD5F00004931F9 /* EmojiMemoryGame.swift in Sources */,
			);
			runOnlyForDeploymentPostprocessing = 0;
		};
		A86101812BAE04DA0025FED7 /* Sources */ = {
			isa = PBXSourcesBuildPhase;
			buildActionMask = 2147483647;
			files = (
				A861018A2BAE04DA0025FED7 /* MemoryAppTests.swift in Sources */,
			);
			runOnlyForDeploymentPostprocessing = 0;
		};
		A861018B2BAE04DA0025FED7 /* Sources */ = {
			isa = PBXSourcesBuildPhase;
			buildActionMask = 2147483647;
			files = (
				A86101942BAE04DA0025FED7 /* MemoryAppUITests.swift in Sources */,
				A86101962BAE04DA0025FED7 /* MemoryAppUITestsLaunchTests.swift in Sources */,
			);
			runOnlyForDeploymentPostprocessing = 0;
		};
/* End PBXSourcesBuildPhase section */

/* Begin PBXTargetDependency section */
		A86101872BAE04DA0025FED7 /* PBXTargetDependency */ = {
			isa = PBXTargetDependency;
			target = A86101742BAE04D60025FED7 /* MemoryApp */;
			targetProxy = A86101862BAE04DA0025FED7 /* PBXContainerItemProxy */;
		};
		A86101912BAE04DA0025FED7 /* PBXTargetDependency */ = {
			isa = PBXTargetDependency;
			target = A86101742BAE04D60025FED7 /* MemoryApp */;
			targetProxy = A86101902BAE04DA0025FED7 /* PBXContainerItemProxy */;
		};
/* End PBXTargetDependency section */

/* Begin XCBuildConfiguration section */
		A86101972BAE04DA0025FED7 /* Debug */ = {
			isa = XCBuildConfiguration;
			buildSettings = {
				ALWAYS_SEARCH_USER_PATHS = NO;
				CLANG_ANALYZER_NONNULL = YES;
				CLANG_ANALYZER_NUMBER_OBJECT_CONVERSION = YES_AGGRESSIVE;
				CLANG_CXX_LANGUAGE_STANDARD = "gnu++20";
				CLANG_ENABLE_MODULES = YES;
				CLANG_ENABLE_OBJC_ARC = YES;
				CLANG_ENABLE_OBJC_WEAK = YES;
				CLANG_WARN_BLOCK_CAPTURE_AUTORELEASING = YES;
				CLANG_WARN_BOOL_CONVERSION = YES;
				CLANG_WARN_COMMA = YES;
				CLANG_WARN_CONSTANT_CONVERSION = YES;
				CLANG_WARN_DEPRECATED_OBJC_IMPLEMENTATIONS = YES;
				CLANG_WARN_DIRECT_OBJC_ISA_USAGE = YES_ERROR;
				CLANG_WARN_DOCUMENTATION_COMMENTS = YES;
				CLANG_WARN_EMPTY_BODY = YES;
				CLANG_WARN_ENUM_CONVERSION = YES;
				CLANG_WARN_INFINITE_RECURSION = YES;
				CLANG_WARN_INT_CONVERSION = YES;
				CLANG_WARN_NON_LITERAL_NULL_CONVERSION = YES;
				CLANG_WARN_OBJC_IMPLICIT_RETAIN_SELF = YES;
				CLANG_WARN_OBJC_LITERAL_CONVERSION = YES;
				CLANG_WARN_OBJC_ROOT_CLASS = YES_ERROR;
				CLANG_WARN_QUOTED_INCLUDE_IN_FRAMEWORK_HEADER = YES;
				CLANG_WARN_RANGE_LOOP_ANALYSIS = YES;
				CLANG_WARN_STRICT_PROTOTYPES = YES;
				CLANG_WARN_SUSPICIOUS_MOVE = YES;
				CLANG_WARN_UNGUARDED_AVAILABILITY = YES_AGGRESSIVE;
				CLANG_WARN_UNREACHABLE_CODE = YES;
				CLANG_WARN__DUPLICATE_METHOD_MATCH = YES;
				COPY_PHASE_STRIP = NO;
				DEBUG_INFORMATION_FORMAT = dwarf;
				ENABLE_STRICT_OBJC_MSGSEND = YES;
				ENABLE_TESTABILITY = YES;
				GCC_C_LANGUAGE_STANDARD = gnu11;
				GCC_DYNAMIC_NO_PIC = NO;
				GCC_NO_COMMON_BLOCKS = YES;
				GCC_OPTIMIZATION_LEVEL = 0;
				GCC_PREPROCESSOR_DEFINITIONS = (
					"DEBUG=1",
					"$(inherited)",
				);
				GCC_WARN_64_TO_32_BIT_CONVERSION = YES;
				GCC_WARN_ABOUT_RETURN_TYPE = YES_ERROR;
				GCC_WARN_UNDECLARED_SELECTOR = YES;
				GCC_WARN_UNINITIALIZED_AUTOS = YES_AGGRESSIVE;
				GCC_WARN_UNUSED_FUNCTION = YES;
				GCC_WARN_UNUSED_VARIABLE = YES;
				IPHONEOS_DEPLOYMENT_TARGET = 16.4;
				MTL_ENABLE_DEBUG_INFO = INCLUDE_SOURCE;
				MTL_FAST_MATH = YES;
				ONLY_ACTIVE_ARCH = YES;
				SDKROOT = iphoneos;
				SWIFT_ACTIVE_COMPILATION_CONDITIONS = DEBUG;
				SWIFT_OPTIMIZATION_LEVEL = "-Onone";
			};
			name = Debug;
		};
		A86101982BAE04DA0025FED7 /* Release */ = {
			isa = XCBuildConfiguration;
			buildSettings = {
				ALWAYS_SEARCH_USER_PATHS = NO;
				CLANG_ANALYZER_NONNULL = YES;
				CLANG_ANALYZER_NUMBER_OBJECT_CONVERSION = YES_AGGRESSIVE;
				CLANG_CXX_LANGUAGE_STANDARD = "gnu++20";
				CLANG_ENABLE_MODULES = YES;
				CLANG_ENABLE_OBJC_ARC = YES;
				CLANG_ENABLE_OBJC_WEAK = YES;
				CLANG_WARN_BLOCK_CAPTURE_AUTORELEASING = YES;
				CLANG_WARN_BOOL_CONVERSION = YES;
				CLANG_WARN_COMMA = YES;
				CLANG_WARN_CONSTANT_CONVERSION = YES;
				CLANG_WARN_DEPRECATED_OBJC_IMPLEMENTATIONS = YES;
				CLANG_WARN_DIRECT_OBJC_ISA_USAGE = YES_ERROR;
				CLANG_WARN_DOCUMENTATION_COMMENTS = YES;
				CLANG_WARN_EMPTY_BODY = YES;
				CLANG_WARN_ENUM_CONVERSION = YES;
				CLANG_WARN_INFINITE_RECURSION = YES;
				CLANG_WARN_INT_CONVERSION = YES;
				CLANG_WARN_NON_LITERAL_NULL_CONVERSION = YES;
				CLANG_WARN_OBJC_IMPLICIT_RETAIN_SELF = YES;
				CLANG_WARN_OBJC_LITERAL_CONVERSION = YES;
				CLANG_WARN_OBJC_ROOT_CLASS = YES_ERROR;
				CLANG_WARN_QUOTED_INCLUDE_IN_FRAMEWORK_HEADER = YES;
				CLANG_WARN_RANGE_LOOP_ANALYSIS = YES;
				CLANG_WARN_STRICT_PROTOTYPES = YES;
				CLANG_WARN_SUSPICIOUS_MOVE = YES;
				CLANG_WARN_UNGUARDED_AVAILABILITY = YES_AGGRESSIVE;
				CLANG_WARN_UNREACHABLE_CODE = YES;
				CLANG_WARN__DUPLICATE_METHOD_MATCH = YES;
				COPY_PHASE_STRIP = NO;
				DEBUG_INFORMATION_FORMAT = "dwarf-with-dsym";
				ENABLE_NS_ASSERTIONS = NO;
				ENABLE_STRICT_OBJC_MSGSEND = YES;
				GCC_C_LANGUAGE_STANDARD = gnu11;
				GCC_NO_COMMON_BLOCKS = YES;
				GCC_WARN_64_TO_32_BIT_CONVERSION = YES;
				GCC_WARN_ABOUT_RETURN_TYPE = YES_ERROR;
				GCC_WARN_UNDECLARED_SELECTOR = YES;
				GCC_WARN_UNINITIALIZED_AUTOS = YES_AGGRESSIVE;
				GCC_WARN_UNUSED_FUNCTION = YES;
				GCC_WARN_UNUSED_VARIABLE = YES;
				IPHONEOS_DEPLOYMENT_TARGET = 16.4;
				MTL_ENABLE_DEBUG_INFO = NO;
				MTL_FAST_MATH = YES;
				SDKROOT = iphoneos;
				SWIFT_COMPILATION_MODE = wholemodule;
				SWIFT_OPTIMIZATION_LEVEL = "-O";
				VALIDATE_PRODUCT = YES;
			};
			name = Release;
		};
		A861019A2BAE04DA0025FED7 /* Debug */ = {
			isa = XCBuildConfiguration;
			buildSettings = {
				ASSETCATALOG_COMPILER_APPICON_NAME = AppIcon;
				ASSETCATALOG_COMPILER_GLOBAL_ACCENT_COLOR_NAME = AccentColor;
				CODE_SIGN_STYLE = Automatic;
				CURRENT_PROJECT_VERSION = 1;
				DEVELOPMENT_ASSET_PATHS = "\"MemoryApp/Preview Content\"";
				DEVELOPMENT_TEAM = NKAPSLBRHU;
				ENABLE_PREVIEWS = YES;
				GENERATE_INFOPLIST_FILE = YES;
				INFOPLIST_KEY_UIApplicationSceneManifest_Generation = YES;
				INFOPLIST_KEY_UIApplicationSupportsIndirectInputEvents = YES;
				INFOPLIST_KEY_UILaunchScreen_Generation = YES;
				INFOPLIST_KEY_UISupportedInterfaceOrientations_iPad = "UIInterfaceOrientationPortrait UIInterfaceOrientationPortraitUpsideDown UIInterfaceOrientationLandscapeLeft UIInterfaceOrientationLandscapeRight";
				INFOPLIST_KEY_UISupportedInterfaceOrientations_iPhone = "UIInterfaceOrientationPortrait UIInterfaceOrientationLandscapeLeft UIInterfaceOrientationLandscapeRight";
				LD_RUNPATH_SEARCH_PATHS = (
					"$(inherited)",
					"@executable_path/Frameworks",
				);
				MARKETING_VERSION = 1.0;
				PRODUCT_BUNDLE_IDENTIFIER = NoOrg.MemoryApp;
				PRODUCT_NAME = "$(TARGET_NAME)";
				SWIFT_EMIT_LOC_STRINGS = YES;
				SWIFT_VERSION = 5.0;
				TARGETED_DEVICE_FAMILY = "1,2";
			};
			name = Debug;
		};
		A861019B2BAE04DA0025FED7 /* Release */ = {
			isa = XCBuildConfiguration;
			buildSettings = {
				ASSETCATALOG_COMPILER_APPICON_NAME = AppIcon;
				ASSETCATALOG_COMPILER_GLOBAL_ACCENT_COLOR_NAME = AccentColor;
				CODE_SIGN_STYLE = Automatic;
				CURRENT_PROJECT_VERSION = 1;
				DEVELOPMENT_ASSET_PATHS = "\"MemoryApp/Preview Content\"";
				DEVELOPMENT_TEAM = NKAPSLBRHU;
				ENABLE_PREVIEWS = YES;
				GENERATE_INFOPLIST_FILE = YES;
				INFOPLIST_KEY_UIApplicationSceneManifest_Generation = YES;
				INFOPLIST_KEY_UIApplicationSupportsIndirectInputEvents = YES;
				INFOPLIST_KEY_UILaunchScreen_Generation = YES;
				INFOPLIST_KEY_UISupportedInterfaceOrientations_iPad = "UIInterfaceOrientationPortrait UIInterfaceOrientationPortraitUpsideDown UIInterfaceOrientationLandscapeLeft UIInterfaceOrientationLandscapeRight";
				INFOPLIST_KEY_UISupportedInterfaceOrientations_iPhone = "UIInterfaceOrientationPortrait UIInterfaceOrientationLandscapeLeft UIInterfaceOrientationLandscapeRight";
				LD_RUNPATH_SEARCH_PATHS = (
					"$(inherited)",
					"@executable_path/Frameworks",
				);
				MARKETING_VERSION = 1.0;
				PRODUCT_BUNDLE_IDENTIFIER = NoOrg.MemoryApp;
				PRODUCT_NAME = "$(TARGET_NAME)";
				SWIFT_EMIT_LOC_STRINGS = YES;
				SWIFT_VERSION = 5.0;
				TARGETED_DEVICE_FAMILY = "1,2";
			};
			name = Release;
		};
		A861019D2BAE04DA0025FED7 /* Debug */ = {
			isa = XCBuildConfiguration;
			buildSettings = {
				ALWAYS_EMBED_SWIFT_STANDARD_LIBRARIES = YES;
				BUNDLE_LOADER = "$(TEST_HOST)";
				CODE_SIGN_STYLE = Automatic;
				CURRENT_PROJECT_VERSION = 1;
				DEVELOPMENT_TEAM = NKAPSLBRHU;
				GENERATE_INFOPLIST_FILE = YES;
				IPHONEOS_DEPLOYMENT_TARGET = 16.4;
				MARKETING_VERSION = 1.0;
				PRODUCT_BUNDLE_IDENTIFIER = NoOrg.MemoryAppTests;
				PRODUCT_NAME = "$(TARGET_NAME)";
				SWIFT_EMIT_LOC_STRINGS = NO;
				SWIFT_VERSION = 5.0;
				TARGETED_DEVICE_FAMILY = "1,2";
				TEST_HOST = "$(BUILT_PRODUCTS_DIR)/MemoryApp.app/$(BUNDLE_EXECUTABLE_FOLDER_PATH)/MemoryApp";
			};
			name = Debug;
		};
		A861019E2BAE04DA0025FED7 /* Release */ = {
			isa = XCBuildConfiguration;
			buildSettings = {
				ALWAYS_EMBED_SWIFT_STANDARD_LIBRARIES = YES;
				BUNDLE_LOADER = "$(TEST_HOST)";
				CODE_SIGN_STYLE = Automatic;
				CURRENT_PROJECT_VERSION = 1;
				DEVELOPMENT_TEAM = NKAPSLBRHU;
				GENERATE_INFOPLIST_FILE = YES;
				IPHONEOS_DEPLOYMENT_TARGET = 16.4;
				MARKETING_VERSION = 1.0;
				PRODUCT_BUNDLE_IDENTIFIER = NoOrg.MemoryAppTests;
				PRODUCT_NAME = "$(TARGET_NAME)";
				SWIFT_EMIT_LOC_STRINGS = NO;
				SWIFT_VERSION = 5.0;
				TARGETED_DEVICE_FAMILY = "1,2";
				TEST_HOST = "$(BUILT_PRODUCTS_DIR)/MemoryApp.app/$(BUNDLE_EXECUTABLE_FOLDER_PATH)/MemoryApp";
			};
			name = Release;
		};
		A86101A02BAE04DA0025FED7 /* Debug */ = {
			isa = XCBuildConfiguration;
			buildSettings = {
				ALWAYS_EMBED_SWIFT_STANDARD_LIBRARIES = YES;
				CODE_SIGN_STYLE = Automatic;
				CURRENT_PROJECT_VERSION = 1;
				DEVELOPMENT_TEAM = NKAPSLBRHU;
				GENERATE_INFOPLIST_FILE = YES;
				MARKETING_VERSION = 1.0;
				PRODUCT_BUNDLE_IDENTIFIER = NoOrg.MemoryAppUITests;
				PRODUCT_NAME = "$(TARGET_NAME)";
				SWIFT_EMIT_LOC_STRINGS = NO;
				SWIFT_VERSION = 5.0;
				TARGETED_DEVICE_FAMILY = "1,2";
				TEST_TARGET_NAME = MemoryApp;
			};
			name = Debug;
		};
		A86101A12BAE04DA0025FED7 /* Release */ = {
			isa = XCBuildConfiguration;
			buildSettings = {
				ALWAYS_EMBED_SWIFT_STANDARD_LIBRARIES = YES;
				CODE_SIGN_STYLE = Automatic;
				CURRENT_PROJECT_VERSION = 1;
				DEVELOPMENT_TEAM = NKAPSLBRHU;
				GENERATE_INFOPLIST_FILE = YES;
				MARKETING_VERSION = 1.0;
				PRODUCT_BUNDLE_IDENTIFIER = NoOrg.MemoryAppUITests;
				PRODUCT_NAME = "$(TARGET_NAME)";
				SWIFT_EMIT_LOC_STRINGS = NO;
				SWIFT_VERSION = 5.0;
				TARGETED_DEVICE_FAMILY = "1,2";
				TEST_TARGET_NAME = MemoryApp;
			};
			name = Release;
		};
/* End XCBuildConfiguration section */

/* Begin XCConfigurationList section */
		A86101702BAE04D60025FED7 /* Build configuration list for PBXProject "MemoryApp" */ = {
			isa = XCConfigurationList;
			buildConfigurations = (
				A86101972BAE04DA0025FED7 /* Debug */,
				A86101982BAE04DA0025FED7 /* Release */,
			);
			defaultConfigurationIsVisible = 0;
			defaultConfigurationName = Release;
		};
		A86101992BAE04DA0025FED7 /* Build configuration list for PBXNativeTarget "MemoryApp" */ = {
			isa = XCConfigurationList;
			buildConfigurations = (
				A861019A2BAE04DA0025FED7 /* Debug */,
				A861019B2BAE04DA0025FED7 /* Release */,
			);
			defaultConfigurationIsVisible = 0;
			defaultConfigurationName = Release;
		};
		A861019C2BAE04DA0025FED7 /* Build configuration list for PBXNativeTarget "MemoryAppTests" */ = {
			isa = XCConfigurationList;
			buildConfigurations = (
				A861019D2BAE04DA0025FED7 /* Debug */,
				A861019E2BAE04DA0025FED7 /* Release */,
			);
			defaultConfigurationIsVisible = 0;
			defaultConfigurationName = Release;
		};
		A861019F2BAE04DA0025FED7 /* Build configuration list for PBXNativeTarget "MemoryAppUITests" */ = {
			isa = XCConfigurationList;
			buildConfigurations = (
				A86101A02BAE04DA0025FED7 /* Debug */,
				A86101A12BAE04DA0025FED7 /* Release */,
			);
			defaultConfigurationIsVisible = 0;
			defaultConfigurationName = Release;
		};
/* End XCConfigurationList section */
	};
	rootObject = A861016D2BAE04D60025FED7 /* Project object */;
}
